# THIS IS AN AUTOGENERATED FILE. DO NOT EDIT THIS FILE DIRECTLY.
# yarn lockfile v1


"@vant/weapp@^1.0.4":
  version "1.0.4"
  resolved "https://registry.npm.taobao.org/@vant/weapp/download/@vant/weapp-1.0.4.tgz#056cd6e98f9a95046732a76341671ebfca32b7d1"
  integrity sha1-BWzW6Y+alQRnMqdjQWcev8oyt9E=

vant-weapp@^0.5.27:
  version "0.5.27"
  resolved "https://registry.npm.taobao.org/vant-weapp/download/vant-weapp-0.5.27.tgz#b029980dbdcc7f90aff9dc9db8e2bac5ef118d1b"
  integrity sha1-sCmYDb3Mf5Cv+dyduOK6xe8RjRs=
